
Microsoft Visual Studio Solution File, Format Version 12.00
# Visual Studio Version 17
VisualStudioVersion = 17.3.32929.385
MinimumVisualStudioVersion = 10.0.40219.1
Project("{FAE04EC0-301F-11D3-BF4B-00C04F79EFBC}") = "FloreaMadalinA43", "FloreaMadalinA43\FloreaMadalinA43.csproj", "{D8435D1C-78A6-4377-9464-30D9C19162AF}"
EndProject
Global
	GlobalSection(SolutionConfigurationPlatforms) = preSolution
		Debug|Any CPU = Debug|Any CPU
		Release|Any CPU = Release|Any CPU
	EndGlobalSection
	GlobalSection(ProjectConfigurationPlatforms) = postSolution
		{D8435D1C-78A6-4377-9464-30D9C19162AF}.Debug|Any CPU.ActiveCfg = Debug|Any CPU
		{D8435D1C-78A6-4377-9464-30D9C19162AF}.Debug|Any CPU.Build.0 = Debug|Any CPU
		{D8435D1C-78A6-4377-9464-30D9C19162AF}.Release|Any CPU.ActiveCfg = Release|Any CPU
		{D8435D1C-78A6-4377-9464-30D9C19162AF}.Release|Any CPU.Build.0 = Release|Any CPU
	EndGlobalSection
	GlobalSection(SolutionProperties) = preSolution
		HideSolutionNode = FALSE
	EndGlobalSection
	GlobalSection(ExtensibilityGlobals) = postSolution
		SolutionGuid = {D936755E-B635-4B1C-8CAA-8108F8610AAF}
	EndGlobalSection
EndGlobal
