
Microsoft Visual Studio Solution File, Format Version 12.00
# Visual Studio Version 17
VisualStudioVersion = 17.3.32929.385
MinimumVisualStudioVersion = 10.0.40219.1
Project("{FAE04EC0-301F-11D3-BF4B-00C04F79EFBC}") = "ModelExamen", "ModelExamen\ModelExamen.csproj", "{E7CD5EFB-E5B5-49FD-868D-30D17DD1765F}"
EndProject
Global
	GlobalSection(SolutionConfigurationPlatforms) = preSolution
		Debug|Any CPU = Debug|Any CPU
		Release|Any CPU = Release|Any CPU
	EndGlobalSection
	GlobalSection(ProjectConfigurationPlatforms) = postSolution
		{E7CD5EFB-E5B5-49FD-868D-30D17DD1765F}.Debug|Any CPU.ActiveCfg = Debug|Any CPU
		{E7CD5EFB-E5B5-49FD-868D-30D17DD1765F}.Debug|Any CPU.Build.0 = Debug|Any CPU
		{E7CD5EFB-E5B5-49FD-868D-30D17DD1765F}.Release|Any CPU.ActiveCfg = Release|Any CPU
		{E7CD5EFB-E5B5-49FD-868D-30D17DD1765F}.Release|Any CPU.Build.0 = Release|Any CPU
	EndGlobalSection
	GlobalSection(SolutionProperties) = preSolution
		HideSolutionNode = FALSE
	EndGlobalSection
	GlobalSection(ExtensibilityGlobals) = postSolution
		SolutionGuid = {E773C356-4F92-42D8-B5AE-1DFB2CE8CB40}
	EndGlobalSection
EndGlobal
